// !$*UTF8*$!
{
	archiveVersion = 1;
	classes = {
	};
	objectVersion = 56;
	objects = {

/* Begin PBXBuildFile section */
		785FE3F82BB08B8E00CA409B /* AppDelegate.swift in Sources */ = {isa = PBXBuildFile; fileRef = 785FE3F72BB08B8E00CA409B /* AppDelegate.swift */; };
		785FE3FA2BB08B8E00CA409B /* SceneDelegate.swift in Sources */ = {isa = PBXBuildFile; fileRef = 785FE3F92BB08B8E00CA409B /* SceneDelegate.swift */; };
		785FE3FC2BB08B8E00CA409B /* ViewController.swift in Sources */ = {isa = PBXBuildFile; fileRef = 785FE3FB2BB08B8E00CA409B /* ViewController.swift */; };
		785FE3FF2BB08B8E00CA409B /* Main.storyboard in Resources */ = {isa = PBXBuildFile; fileRef = 785FE3FD2BB08B8E00CA409B /* Main.storyboard */; };
		785FE4012BB08B9000CA409B /* Assets.xcassets in Resources */ = {isa = PBXBuildFile; fileRef = 785FE4002BB08B9000CA409B /* Assets.xcassets */; };
		785FE4042BB08B9000CA409B /* LaunchScreen.storyboard in Resources */ = {isa = PBXBuildFile; fileRef = 785FE4022BB08B9000CA409B /* LaunchScreen.storyboard */; };
		785FE40F2BB08B9000CA409B /* RotatingTexturedCubeTests.swift in Sources */ = {isa = PBXBuildFile; fileRef = 785FE40E2BB08B9000CA409B /* RotatingTexturedCubeTests.swift */; };
		785FE4192BB08B9000CA409B /* RotatingTexturedCubeUITests.swift in Sources */ = {isa = PBXBuildFile; fileRef = 785FE4182BB08B9000CA409B /* RotatingTexturedCubeUITests.swift */; };
		785FE41B2BB08B9000CA409B /* RotatingTexturedCubeUITestsLaunchTests.swift in Sources */ = {isa = PBXBuildFile; fileRef = 785FE41A2BB08B9000CA409B /* RotatingTexturedCubeUITestsLaunchTests.swift */; };
		785FE4292BB08BE700CA409B /* QuartzCore.framework in Frameworks */ = {isa = PBXBuildFile; fileRef = 785FE4282BB08BE700CA409B /* QuartzCore.framework */; };
		785FE42B2BB08BEE00CA409B /* Metal.framework in Frameworks */ = {isa = PBXBuildFile; fileRef = 785FE42A2BB08BEE00CA409B /* Metal.framework */; };
		785FE42D2BB08C2600CA409B /* UIKit.framework in Frameworks */ = {isa = PBXBuildFile; fileRef = 785FE42C2BB08C2600CA409B /* UIKit.framework */; };
		785FE42F2BB08C3300CA409B /* Shaders.metal in Sources */ = {isa = PBXBuildFile; fileRef = 785FE42E2BB08C3300CA409B /* Shaders.metal */; };
		785FE4312BB08C5300CA409B /* MetalView.swift in Sources */ = {isa = PBXBuildFile; fileRef = 785FE4302BB08C5300CA409B /* MetalView.swift */; };
		785FE4332BB0A17700CA409B /* MathUtils.swift in Sources */ = {isa = PBXBuildFile; fileRef = 785FE4322BB0A17700CA409B /* MathUtils.swift */; };
/* End PBXBuildFile section */

/* Begin PBXContainerItemProxy section */
		785FE40B2BB08B9000CA409B /* PBXContainerItemProxy */ = {
			isa = PBXContainerItemProxy;
			containerPortal = 785FE3EC2BB08B8E00CA409B /* Project object */;
			proxyType = 1;
			remoteGlobalIDString = 785FE3F32BB08B8E00CA409B;
			remoteInfo = RotatingTexturedCube;
		};
		785FE4152BB08B9000CA409B /* PBXContainerItemProxy */ = {
			isa = PBXContainerItemProxy;
			containerPortal = 785FE3EC2BB08B8E00CA409B /* Project object */;
			proxyType = 1;
			remoteGlobalIDString = 785FE3F32BB08B8E00CA409B;
			remoteInfo = RotatingTexturedCube;
		};
/* End PBXContainerItemProxy section */

/* Begin PBXFileReference section */
		785FE3F42BB08B8E00CA409B /* RotatingTexturedCube.app */ = {isa = PBXFileReference; explicitFileType = wrapper.application; includeInIndex = 0; path = RotatingTexturedCube.app; sourceTree = BUILT_PRODUCTS_DIR; };
		785FE3F72BB08B8E00CA409B /* AppDelegate.swift */ = {isa = PBXFileReference; lastKnownFileType = sourcecode.swift; path = AppDelegate.swift; sourceTree = "<group>"; };
		785FE3F92BB08B8E00CA409B /* SceneDelegate.swift */ = {isa = PBXFileReference; lastKnownFileType = sourcecode.swift; path = SceneDelegate.swift; sourceTree = "<group>"; };
		785FE3FB2BB08B8E00CA409B /* ViewController.swift */ = {isa = PBXFileReference; lastKnownFileType = sourcecode.swift; path = ViewController.swift; sourceTree = "<group>"; };
		785FE3FE2BB08B8E00CA409B /* Base */ = {isa = PBXFileReference; lastKnownFileType = file.storyboard; name = Base; path = Base.lproj/Main.storyboard; sourceTree = "<group>"; };
		785FE4002BB08B9000CA409B /* Assets.xcassets */ = {isa = PBXFileReference; lastKnownFileType = folder.assetcatalog; path = Assets.xcassets; sourceTree = "<group>"; };
		785FE4032BB08B9000CA409B /* Base */ = {isa = PBXFileReference; lastKnownFileType = file.storyboard; name = Base; path = Base.lproj/LaunchScreen.storyboard; sourceTree = "<group>"; };
		785FE4052BB08B9000CA409B /* Info.plist */ = {isa = PBXFileReference; lastKnownFileType = text.plist.xml; path = Info.plist; sourceTree = "<group>"; };
		785FE40A2BB08B9000CA409B /* RotatingTexturedCubeTests.xctest */ = {isa = PBXFileReference; explicitFileType = wrapper.cfbundle; includeInIndex = 0; path = RotatingTexturedCubeTests.xctest; sourceTree = BUILT_PRODUCTS_DIR; };
		785FE40E2BB08B9000CA409B /* RotatingTexturedCubeTests.swift */ = {isa = PBXFileReference; lastKnownFileType = sourcecode.swift; path = RotatingTexturedCubeTests.swift; sourceTree = "<group>"; };
		785FE4142BB08B9000CA409B /* RotatingTexturedCubeUITests.xctest */ = {isa = PBXFileReference; explicitFileType = wrapper.cfbundle; includeInIndex = 0; path = RotatingTexturedCubeUITests.xctest; sourceTree = BUILT_PRODUCTS_DIR; };
		785FE4182BB08B9000CA409B /* RotatingTexturedCubeUITests.swift */ = {isa = PBXFileReference; lastKnownFileType = sourcecode.swift; path = RotatingTexturedCubeUITests.swift; sourceTree = "<group>"; };
		785FE41A2BB08B9000CA409B /* RotatingTexturedCubeUITestsLaunchTests.swift */ = {isa = PBXFileReference; lastKnownFileType = sourcecode.swift; path = RotatingTexturedCubeUITestsLaunchTests.swift; sourceTree = "<group>"; };
		785FE4282BB08BE700CA409B /* QuartzCore.framework */ = {isa = PBXFileReference; lastKnownFileType = wrapper.framework; name = QuartzCore.framework; path = System/Library/Frameworks/QuartzCore.framework; sourceTree = SDKROOT; };
		785FE42A2BB08BEE00CA409B /* Metal.framework */ = {isa = PBXFileReference; lastKnownFileType = wrapper.framework; name = Metal.framework; path = System/Library/Frameworks/Metal.framework; sourceTree = SDKROOT; };
		785FE42C2BB08C2600CA409B /* UIKit.framework */ = {isa = PBXFileReference; lastKnownFileType = wrapper.framework; name = UIKit.framework; path = System/Library/Frameworks/UIKit.framework; sourceTree = SDKROOT; };
		785FE42E2BB08C3300CA409B /* Shaders.metal */ = {isa = PBXFileReference; lastKnownFileType = sourcecode.metal; path = Shaders.metal; sourceTree = "<group>"; };
		785FE4302BB08C5300CA409B /* MetalView.swift */ = {isa = PBXFileReference; lastKnownFileType = sourcecode.swift; path = MetalView.swift; sourceTree = "<group>"; };
		785FE4322BB0A17700CA409B /* MathUtils.swift */ = {isa = PBXFileReference; lastKnownFileType = sourcecode.swift; path = MathUtils.swift; sourceTree = "<group>"; };
/* End PBXFileReference section */

/* Begin PBXFrameworksBuildPhase section */
		785FE3F12BB08B8E00CA409B /* Frameworks */ = {
			isa = PBXFrameworksBuildPhase;
			buildActionMask = 2147483647;
			files = (
				785FE42D2BB08C2600CA409B /* UIKit.framework in Frameworks */,
				785FE42B2BB08BEE00CA409B /* Metal.framework in Frameworks */,
				785FE4292BB08BE700CA409B /* QuartzCore.framework in Frameworks */,
			);
			runOnlyForDeploymentPostprocessing = 0;
		};
		785FE4072BB08B9000CA409B /* Frameworks */ = {
			isa = PBXFrameworksBuildPhase;
			buildActionMask = 2147483647;
			files = (
			);
			runOnlyForDeploymentPostprocessing = 0;
		};
		785FE4112BB08B9000CA409B /* Frameworks */ = {
			isa = PBXFrameworksBuildPhase;
			buildActionMask = 2147483647;
			files = (
			);
			runOnlyForDeploymentPostprocessing = 0;
		};
/* End PBXFrameworksBuildPhase section */

/* Begin PBXGroup section */
		785FE3EB2BB08B8E00CA409B = {
			isa = PBXGroup;
			children = (
				785FE3F62BB08B8E00CA409B /* RotatingTexturedCube */,
				785FE40D2BB08B9000CA409B /* RotatingTexturedCubeTests */,
				785FE4172BB08B9000CA409B /* RotatingTexturedCubeUITests */,
				785FE3F52BB08B8E00CA409B /* Products */,
				785FE4272BB08BE700CA409B /* Frameworks */,
			);
			sourceTree = "<group>";
		};
		785FE3F52BB08B8E00CA409B /* Products */ = {
			isa = PBXGroup;
			children = (
				785FE3F42BB08B8E00CA409B /* RotatingTexturedCube.app */,
				785FE40A2BB08B9000CA409B /* RotatingTexturedCubeTests.xctest */,
				785FE4142BB08B9000CA409B /* RotatingTexturedCubeUITests.xctest */,
			);
			name = Products;
			sourceTree = "<group>";
		};
		785FE3F62BB08B8E00CA409B /* RotatingTexturedCube */ = {
			isa = PBXGroup;
			children = (
				785FE3F72BB08B8E00CA409B /* AppDelegate.swift */,
				785FE3F92BB08B8E00CA409B /* SceneDelegate.swift */,
				785FE3FB2BB08B8E00CA409B /* ViewController.swift */,
				785FE3FD2BB08B8E00CA409B /* Main.storyboard */,
				785FE4002BB08B9000CA409B /* Assets.xcassets */,
				785FE4022BB08B9000CA409B /* LaunchScreen.storyboard */,
				785FE4052BB08B9000CA409B /* Info.plist */,
				785FE42E2BB08C3300CA409B /* Shaders.metal */,
				785FE4302BB08C5300CA409B /* MetalView.swift */,
				785FE4322BB0A17700CA409B /* MathUtils.swift */,
			);
			path = RotatingTexturedCube;
			sourceTree = "<group>";
		};
		785FE40D2BB08B9000CA409B /* RotatingTexturedCubeTests */ = {
			isa = PBXGroup;
			children = (
				785FE40E2BB08B9000CA409B /* RotatingTexturedCubeTests.swift */,
			);
			path = RotatingTexturedCubeTests;
			sourceTree = "<group>";
		};
		785FE4172BB08B9000CA409B /* RotatingTexturedCubeUITests */ = {
			isa = PBXGroup;
			children = (
				785FE4182BB08B9000CA409B /* RotatingTexturedCubeUITests.swift */,
				785FE41A2BB08B9000CA409B /* RotatingTexturedCubeUITestsLaunchTests.swift */,
			);
			path = RotatingTexturedCubeUITests;
			sourceTree = "<group>";
		};
		785FE4272BB08BE700CA409B /* Frameworks */ = {
			isa = PBXGroup;
			children = (
				785FE42C2BB08C2600CA409B /* UIKit.framework */,
				785FE42A2BB08BEE00CA409B /* Metal.framework */,
				785FE4282BB08BE700CA409B /* QuartzCore.framework */,
			);
			name = Frameworks;
			sourceTree = "<group>";
		};
/* End PBXGroup section */

/* Begin PBXNativeTarget section */
		785FE3F32BB08B8E00CA409B /* RotatingTexturedCube */ = {
			isa = PBXNativeTarget;
			buildConfigurationList = 785FE41E2BB08B9000CA409B /* Build configuration list for PBXNativeTarget "RotatingTexturedCube" */;
			buildPhases = (
				785FE3F02BB08B8E00CA409B /* Sources */,
				785FE3F12BB08B8E00CA409B /* Frameworks */,
				785FE3F22BB08B8E00CA409B /* Resources */,
			);
			buildRules = (
			);
			dependencies = (
			);
			name = RotatingTexturedCube;
			productName = RotatingTexturedCube;
			productReference = 785FE3F42BB08B8E00CA409B /* RotatingTexturedCube.app */;
			productType = "com.apple.product-type.application";
		};
		785FE4092BB08B9000CA409B /* RotatingTexturedCubeTests */ = {
			isa = PBXNativeTarget;
			buildConfigurationList = 785FE4212BB08B9000CA409B /* Build configuration list for PBXNativeTarget "RotatingTexturedCubeTests" */;
			buildPhases = (
				785FE4062BB08B9000CA409B /* Sources */,
				785FE4072BB08B9000CA409B /* Frameworks */,
				785FE4082BB08B9000CA409B /* Resources */,
			);
			buildRules = (
			);
			dependencies = (
				785FE40C2BB08B9000CA409B /* PBXTargetDependency */,
			);
			name = RotatingTexturedCubeTests;
			productName = RotatingTexturedCubeTests;
			productReference = 785FE40A2BB08B9000CA409B /* RotatingTexturedCubeTests.xctest */;
			productType = "com.apple.product-type.bundle.unit-test";
		};
		785FE4132BB08B9000CA409B /* RotatingTexturedCubeUITests */ = {
			isa = PBXNativeTarget;
			buildConfigurationList = 785FE4242BB08B9000CA409B /* Build configuration list for PBXNativeTarget "RotatingTexturedCubeUITests" */;
			buildPhases = (
				785FE4102BB08B9000CA409B /* Sources */,
				785FE4112BB08B9000CA409B /* Frameworks */,
				785FE4122BB08B9000CA409B /* Resources */,
			);
			buildRules = (
			);
			dependencies = (
				785FE4162BB08B9000CA409B /* PBXTargetDependency */,
			);
			name = RotatingTexturedCubeUITests;
			productName = RotatingTexturedCubeUITests;
			productReference = 785FE4142BB08B9000CA409B /* RotatingTexturedCubeUITests.xctest */;
			productType = "com.apple.product-type.bundle.ui-testing";
		};
/* End PBXNativeTarget section */

/* Begin PBXProject section */
		785FE3EC2BB08B8E00CA409B /* Project object */ = {
			isa = PBXProject;
			attributes = {
				BuildIndependentTargetsInParallel = 1;
				LastSwiftUpdateCheck = 1430;
				LastUpgradeCheck = 1430;
				TargetAttributes = {
					785FE3F32BB08B8E00CA409B = {
						CreatedOnToolsVersion = 14.3.1;
					};
					785FE4092BB08B9000CA409B = {
						CreatedOnToolsVersion = 14.3.1;
						TestTargetID = 785FE3F32BB08B8E00CA409B;
					};
					785FE4132BB08B9000CA409B = {
						CreatedOnToolsVersion = 14.3.1;
						TestTargetID = 785FE3F32BB08B8E00CA409B;
					};
				};
			};
			buildConfigurationList = 785FE3EF2BB08B8E00CA409B /* Build configuration list for PBXProject "RotatingTexturedCube" */;
			compatibilityVersion = "Xcode 14.0";
			developmentRegion = en;
			hasScannedForEncodings = 0;
			knownRegions = (
				en,
				Base,
			);
			mainGroup = 785FE3EB2BB08B8E00CA409B;
			productRefGroup = 785FE3F52BB08B8E00CA409B /* Products */;
			projectDirPath = "";
			projectRoot = "";
			targets = (
				785FE3F32BB08B8E00CA409B /* RotatingTexturedCube */,
				785FE4092BB08B9000CA409B /* RotatingTexturedCubeTests */,
				785FE4132BB08B9000CA409B /* RotatingTexturedCubeUITests */,
			);
		};
/* End PBXProject section */

/* Begin PBXResourcesBuildPhase section */
		785FE3F22BB08B8E00CA409B /* Resources */ = {
			isa = PBXResourcesBuildPhase;
			buildActionMask = 2147483647;
			files = (
				785FE4042BB08B9000CA409B /* LaunchScreen.storyboard in Resources */,
				785FE4012BB08B9000CA409B /* Assets.xcassets in Resources */,
				785FE3FF2BB08B8E00CA409B /* Main.storyboard in Resources */,
			);
			runOnlyForDeploymentPostprocessing = 0;
		};
		785FE4082BB08B9000CA409B /* Resources */ = {
			isa = PBXResourcesBuildPhase;
			buildActionMask = 2147483647;
			files = (
			);
			runOnlyForDeploymentPostprocessing = 0;
		};
		785FE4122BB08B9000CA409B /* Resources */ = {
			isa = PBXResourcesBuildPhase;
			buildActionMask = 2147483647;
			files = (
			);
			runOnlyForDeploymentPostprocessing = 0;
		};
/* End PBXResourcesBuildPhase section */

/* Begin PBXSourcesBuildPhase section */
		785FE3F02BB08B8E00CA409B /* Sources */ = {
			isa = PBXSourcesBuildPhase;
			buildActionMask = 2147483647;
			files = (
				785FE42F2BB08C3300CA409B /* Shaders.metal in Sources */,
				785FE3FC2BB08B8E00CA409B /* ViewController.swift in Sources */,
				785FE4332BB0A17700CA409B /* MathUtils.swift in Sources */,
				785FE4312BB08C5300CA409B /* MetalView.swift in Sources */,
				785FE3F82BB08B8E00CA409B /* AppDelegate.swift in Sources */,
				785FE3FA2BB08B8E00CA409B /* SceneDelegate.swift in Sources */,
			);
			runOnlyForDeploymentPostprocessing = 0;
		};
		785FE4062BB08B9000CA409B /* Sources */ = {
			isa = PBXSourcesBuildPhase;
			buildActionMask = 2147483647;
			files = (
				785FE40F2BB08B9000CA409B /* RotatingTexturedCubeTests.swift in Sources */,
			);
			runOnlyForDeploymentPostprocessing = 0;
		};
		785FE4102BB08B9000CA409B /* Sources */ = {
			isa = PBXSourcesBuildPhase;
			buildActionMask = 2147483647;
			files = (
				785FE41B2BB08B9000CA409B /* RotatingTexturedCubeUITestsLaunchTests.swift in Sources */,
				785FE4192BB08B9000CA409B /* RotatingTexturedCubeUITests.swift in Sources */,
			);
			runOnlyForDeploymentPostprocessing = 0;
		};
/* End PBXSourcesBuildPhase section */

/* Begin PBXTargetDependency section */
		785FE40C2BB08B9000CA409B /* PBXTargetDependency */ = {
			isa = PBXTargetDependency;
			target = 785FE3F32BB08B8E00CA409B /* RotatingTexturedCube */;
			targetProxy = 785FE40B2BB08B9000CA409B /* PBXContainerItemProxy */;
		};
		785FE4162BB08B9000CA409B /* PBXTargetDependency */ = {
			isa = PBXTargetDependency;
			target = 785FE3F32BB08B8E00CA409B /* RotatingTexturedCube */;
			targetProxy = 785FE4152BB08B9000CA409B /* PBXContainerItemProxy */;
		};
/* End PBXTargetDependency section */

/* Begin PBXVariantGroup section */
		785FE3FD2BB08B8E00CA409B /* Main.storyboard */ = {
			isa = PBXVariantGroup;
			children = (
				785FE3FE2BB08B8E00CA409B /* Base */,
			);
			name = Main.storyboard;
			sourceTree = "<group>";
		};
		785FE4022BB08B9000CA409B /* LaunchScreen.storyboard */ = {
			isa = PBXVariantGroup;
			children = (
				785FE4032BB08B9000CA409B /* Base */,
			);
			name = LaunchScreen.storyboard;
			sourceTree = "<group>";
		};
/* End PBXVariantGroup section */

/* Begin XCBuildConfiguration section */
		785FE41C2BB08B9000CA409B /* Debug */ = {
			isa = XCBuildConfiguration;
			buildSettings = {
				ALWAYS_SEARCH_USER_PATHS = NO;
				CLANG_ANALYZER_NONNULL = YES;
				CLANG_ANALYZER_NUMBER_OBJECT_CONVERSION = YES_AGGRESSIVE;
				CLANG_CXX_LANGUAGE_STANDARD = "gnu++20";
				CLANG_ENABLE_MODULES = YES;
				CLANG_ENABLE_OBJC_ARC = YES;
				CLANG_ENABLE_OBJC_WEAK = YES;
				CLANG_WARN_BLOCK_CAPTURE_AUTORELEASING = YES;
				CLANG_WARN_BOOL_CONVERSION = YES;
				CLANG_WARN_COMMA = YES;
				CLANG_WARN_CONSTANT_CONVERSION = YES;
				CLANG_WARN_DEPRECATED_OBJC_IMPLEMENTATIONS = YES;
				CLANG_WARN_DIRECT_OBJC_ISA_USAGE = YES_ERROR;
				CLANG_WARN_DOCUMENTATION_COMMENTS = YES;
				CLANG_WARN_EMPTY_BODY = YES;
				CLANG_WARN_ENUM_CONVERSION = YES;
				CLANG_WARN_INFINITE_RECURSION = YES;
				CLANG_WARN_INT_CONVERSION = YES;
				CLANG_WARN_NON_LITERAL_NULL_CONVERSION = YES;
				CLANG_WARN_OBJC_IMPLICIT_RETAIN_SELF = YES;
				CLANG_WARN_OBJC_LITERAL_CONVERSION = YES;
				CLANG_WARN_OBJC_ROOT_CLASS = YES_ERROR;
				CLANG_WARN_QUOTED_INCLUDE_IN_FRAMEWORK_HEADER = YES;
				CLANG_WARN_RANGE_LOOP_ANALYSIS = YES;
				CLANG_WARN_STRICT_PROTOTYPES = YES;
				CLANG_WARN_SUSPICIOUS_MOVE = YES;
				CLANG_WARN_UNGUARDED_AVAILABILITY = YES_AGGRESSIVE;
				CLANG_WARN_UNREACHABLE_CODE = YES;
				CLANG_WARN__DUPLICATE_METHOD_MATCH = YES;
				COPY_PHASE_STRIP = NO;
				DEBUG_INFORMATION_FORMAT = dwarf;
				ENABLE_STRICT_OBJC_MSGSEND = YES;
				ENABLE_TESTABILITY = YES;
				GCC_C_LANGUAGE_STANDARD = gnu11;
				GCC_DYNAMIC_NO_PIC = NO;
				GCC_NO_COMMON_BLOCKS = YES;
				GCC_OPTIMIZATION_LEVEL = 0;
				GCC_PREPROCESSOR_DEFINITIONS = (
					"DEBUG=1",
					"$(inherited)",
				);
				GCC_WARN_64_TO_32_BIT_CONVERSION = YES;
				GCC_WARN_ABOUT_RETURN_TYPE = YES_ERROR;
				GCC_WARN_UNDECLARED_SELECTOR = YES;
				GCC_WARN_UNINITIALIZED_AUTOS = YES_AGGRESSIVE;
				GCC_WARN_UNUSED_FUNCTION = YES;
				GCC_WARN_UNUSED_VARIABLE = YES;
				IPHONEOS_DEPLOYMENT_TARGET = 16.4;
				MTL_ENABLE_DEBUG_INFO = INCLUDE_SOURCE;
				MTL_FAST_MATH = YES;
				ONLY_ACTIVE_ARCH = YES;
				SDKROOT = iphoneos;
				SWIFT_ACTIVE_COMPILATION_CONDITIONS = DEBUG;
				SWIFT_OPTIMIZATION_LEVEL = "-Onone";
			};
			name = Debug;
		};
		785FE41D2BB08B9000CA409B /* Release */ = {
			isa = XCBuildConfiguration;
			buildSettings = {
				ALWAYS_SEARCH_USER_PATHS = NO;
				CLANG_ANALYZER_NONNULL = YES;
				CLANG_ANALYZER_NUMBER_OBJECT_CONVERSION = YES_AGGRESSIVE;
				CLANG_CXX_LANGUAGE_STANDARD = "gnu++20";
				CLANG_ENABLE_MODULES = YES;
				CLANG_ENABLE_OBJC_ARC = YES;
				CLANG_ENABLE_OBJC_WEAK = YES;
				CLANG_WARN_BLOCK_CAPTURE_AUTORELEASING = YES;
				CLANG_WARN_BOOL_CONVERSION = YES;
				CLANG_WARN_COMMA = YES;
				CLANG_WARN_CONSTANT_CONVERSION = YES;
				CLANG_WARN_DEPRECATED_OBJC_IMPLEMENTATIONS = YES;
				CLANG_WARN_DIRECT_OBJC_ISA_USAGE = YES_ERROR;
				CLANG_WARN_DOCUMENTATION_COMMENTS = YES;
				CLANG_WARN_EMPTY_BODY = YES;
				CLANG_WARN_ENUM_CONVERSION = YES;
				CLANG_WARN_INFINITE_RECURSION = YES;
				CLANG_WARN_INT_CONVERSION = YES;
				CLANG_WARN_NON_LITERAL_NULL_CONVERSION = YES;
				CLANG_WARN_OBJC_IMPLICIT_RETAIN_SELF = YES;
				CLANG_WARN_OBJC_LITERAL_CONVERSION = YES;
				CLANG_WARN_OBJC_ROOT_CLASS = YES_ERROR;
				CLANG_WARN_QUOTED_INCLUDE_IN_FRAMEWORK_HEADER = YES;
				CLANG_WARN_RANGE_LOOP_ANALYSIS = YES;
				CLANG_WARN_STRICT_PROTOTYPES = YES;
				CLANG_WARN_SUSPICIOUS_MOVE = YES;
				CLANG_WARN_UNGUARDED_AVAILABILITY = YES_AGGRESSIVE;
				CLANG_WARN_UNREACHABLE_CODE = YES;
				CLANG_WARN__DUPLICATE_METHOD_MATCH = YES;
				COPY_PHASE_STRIP = NO;
				DEBUG_INFORMATION_FORMAT = "dwarf-with-dsym";
				ENABLE_NS_ASSERTIONS = NO;
				ENABLE_STRICT_OBJC_MSGSEND = YES;
				GCC_C_LANGUAGE_STANDARD = gnu11;
				GCC_NO_COMMON_BLOCKS = YES;
				GCC_WARN_64_TO_32_BIT_CONVERSION = YES;
				GCC_WARN_ABOUT_RETURN_TYPE = YES_ERROR;
				GCC_WARN_UNDECLARED_SELECTOR = YES;
				GCC_WARN_UNINITIALIZED_AUTOS = YES_AGGRESSIVE;
				GCC_WARN_UNUSED_FUNCTION = YES;
				GCC_WARN_UNUSED_VARIABLE = YES;
				IPHONEOS_DEPLOYMENT_TARGET = 16.4;
				MTL_ENABLE_DEBUG_INFO = NO;
				MTL_FAST_MATH = YES;
				SDKROOT = iphoneos;
				SWIFT_COMPILATION_MODE = wholemodule;
				SWIFT_OPTIMIZATION_LEVEL = "-O";
				VALIDATE_PRODUCT = YES;
			};
			name = Release;
		};
		785FE41F2BB08B9000CA409B /* Debug */ = {
			isa = XCBuildConfiguration;
			buildSettings = {
				ASSETCATALOG_COMPILER_APPICON_NAME = AppIcon;
				ASSETCATALOG_COMPILER_GLOBAL_ACCENT_COLOR_NAME = AccentColor;
				CODE_SIGN_STYLE = Automatic;
				CURRENT_PROJECT_VERSION = 1;
				GENERATE_INFOPLIST_FILE = YES;
				INFOPLIST_FILE = RotatingTexturedCube/Info.plist;
				INFOPLIST_KEY_UIApplicationSupportsIndirectInputEvents = YES;
				INFOPLIST_KEY_UILaunchStoryboardName = LaunchScreen;
				INFOPLIST_KEY_UIMainStoryboardFile = Main;
				INFOPLIST_KEY_UISupportedInterfaceOrientations_iPad = "UIInterfaceOrientationPortrait UIInterfaceOrientationPortraitUpsideDown UIInterfaceOrientationLandscapeLeft UIInterfaceOrientationLandscapeRight";
				INFOPLIST_KEY_UISupportedInterfaceOrientations_iPhone = "UIInterfaceOrientationPortrait UIInterfaceOrientationLandscapeLeft UIInterfaceOrientationLandscapeRight";
				LD_RUNPATH_SEARCH_PATHS = (
					"$(inherited)",
					"@executable_path/Frameworks",
				);
				MARKETING_VERSION = 1.0;
				PRODUCT_BUNDLE_IDENTIFIER = com.mgtt.RotatingTexturedCube;
				PRODUCT_NAME = "$(TARGET_NAME)";
				SWIFT_EMIT_LOC_STRINGS = YES;
				SWIFT_VERSION = 5.0;
				TARGETED_DEVICE_FAMILY = "1,2";
			};
			name = Debug;
		};
		785FE4202BB08B9000CA409B /* Release */ = {
			isa = XCBuildConfiguration;
			buildSettings = {
				ASSETCATALOG_COMPILER_APPICON_NAME = AppIcon;
				ASSETCATALOG_COMPILER_GLOBAL_ACCENT_COLOR_NAME = AccentColor;
				CODE_SIGN_STYLE = Automatic;
				CURRENT_PROJECT_VERSION = 1;
				GENERATE_INFOPLIST_FILE = YES;
				INFOPLIST_FILE = RotatingTexturedCube/Info.plist;
				INFOPLIST_KEY_UIApplicationSupportsIndirectInputEvents = YES;
				INFOPLIST_KEY_UILaunchStoryboardName = LaunchScreen;
				INFOPLIST_KEY_UIMainStoryboardFile = Main;
				INFOPLIST_KEY_UISupportedInterfaceOrientations_iPad = "UIInterfaceOrientationPortrait UIInterfaceOrientationPortraitUpsideDown UIInterfaceOrientationLandscapeLeft UIInterfaceOrientationLandscapeRight";
				INFOPLIST_KEY_UISupportedInterfaceOrientations_iPhone = "UIInterfaceOrientationPortrait UIInterfaceOrientationLandscapeLeft UIInterfaceOrientationLandscapeRight";
				LD_RUNPATH_SEARCH_PATHS = (
					"$(inherited)",
					"@executable_path/Frameworks",
				);
				MARKETING_VERSION = 1.0;
				PRODUCT_BUNDLE_IDENTIFIER = com.mgtt.RotatingTexturedCube;
				PRODUCT_NAME = "$(TARGET_NAME)";
				SWIFT_EMIT_LOC_STRINGS = YES;
				SWIFT_VERSION = 5.0;
				TARGETED_DEVICE_FAMILY = "1,2";
			};
			name = Release;
		};
		785FE4222BB08B9000CA409B /* Debug */ = {
			isa = XCBuildConfiguration;
			buildSettings = {
				ALWAYS_EMBED_SWIFT_STANDARD_LIBRARIES = YES;
				BUNDLE_LOADER = "$(TEST_HOST)";
				CODE_SIGN_STYLE = Automatic;
				CURRENT_PROJECT_VERSION = 1;
				GENERATE_INFOPLIST_FILE = YES;
				IPHONEOS_DEPLOYMENT_TARGET = 16.4;
				MARKETING_VERSION = 1.0;
				PRODUCT_BUNDLE_IDENTIFIER = com.mgtt.RotatingTexturedCubeTests;
				PRODUCT_NAME = "$(TARGET_NAME)";
				SWIFT_EMIT_LOC_STRINGS = NO;
				SWIFT_VERSION = 5.0;
				TARGETED_DEVICE_FAMILY = "1,2";
				TEST_HOST = "$(BUILT_PRODUCTS_DIR)/RotatingTexturedCube.app/$(BUNDLE_EXECUTABLE_FOLDER_PATH)/RotatingTexturedCube";
			};
			name = Debug;
		};
		785FE4232BB08B9000CA409B /* Release */ = {
			isa = XCBuildConfiguration;
			buildSettings = {
				ALWAYS_EMBED_SWIFT_STANDARD_LIBRARIES = YES;
				BUNDLE_LOADER = "$(TEST_HOST)";
				CODE_SIGN_STYLE = Automatic;
				CURRENT_PROJECT_VERSION = 1;
				GENERATE_INFOPLIST_FILE = YES;
				IPHONEOS_DEPLOYMENT_TARGET = 16.4;
				MARKETING_VERSION = 1.0;
				PRODUCT_BUNDLE_IDENTIFIER = com.mgtt.RotatingTexturedCubeTests;
				PRODUCT_NAME = "$(TARGET_NAME)";
				SWIFT_EMIT_LOC_STRINGS = NO;
				SWIFT_VERSION = 5.0;
				TARGETED_DEVICE_FAMILY = "1,2";
				TEST_HOST = "$(BUILT_PRODUCTS_DIR)/RotatingTexturedCube.app/$(BUNDLE_EXECUTABLE_FOLDER_PATH)/RotatingTexturedCube";
			};
			name = Release;
		};
		785FE4252BB08B9000CA409B /* Debug */ = {
			isa = XCBuildConfiguration;
			buildSettings = {
				ALWAYS_EMBED_SWIFT_STANDARD_LIBRARIES = YES;
				CODE_SIGN_STYLE = Automatic;
				CURRENT_PROJECT_VERSION = 1;
				GENERATE_INFOPLIST_FILE = YES;
				MARKETING_VERSION = 1.0;
				PRODUCT_BUNDLE_IDENTIFIER = com.mgtt.RotatingTexturedCubeUITests;
				PRODUCT_NAME = "$(TARGET_NAME)";
				SWIFT_EMIT_LOC_STRINGS = NO;
				SWIFT_VERSION = 5.0;
				TARGETED_DEVICE_FAMILY = "1,2";
				TEST_TARGET_NAME = RotatingTexturedCube;
			};
			name = Debug;
		};
		785FE4262BB08B9000CA409B /* Release */ = {
			isa = XCBuildConfiguration;
			buildSettings = {
				ALWAYS_EMBED_SWIFT_STANDARD_LIBRARIES = YES;
				CODE_SIGN_STYLE = Automatic;
				CURRENT_PROJECT_VERSION = 1;
				GENERATE_INFOPLIST_FILE = YES;
				MARKETING_VERSION = 1.0;
				PRODUCT_BUNDLE_IDENTIFIER = com.mgtt.RotatingTexturedCubeUITests;
				PRODUCT_NAME = "$(TARGET_NAME)";
				SWIFT_EMIT_LOC_STRINGS = NO;
				SWIFT_VERSION = 5.0;
				TARGETED_DEVICE_FAMILY = "1,2";
				TEST_TARGET_NAME = RotatingTexturedCube;
			};
			name = Release;
		};
/* End XCBuildConfiguration section */

/* Begin XCConfigurationList section */
		785FE3EF2BB08B8E00CA409B /* Build configuration list for PBXProject "RotatingTexturedCube" */ = {
			isa = XCConfigurationList;
			buildConfigurations = (
				785FE41C2BB08B9000CA409B /* Debug */,
				785FE41D2BB08B9000CA409B /* Release */,
			);
			defaultConfigurationIsVisible = 0;
			defaultConfigurationName = Release;
		};
		785FE41E2BB08B9000CA409B /* Build configuration list for PBXNativeTarget "RotatingTexturedCube" */ = {
			isa = XCConfigurationList;
			buildConfigurations = (
				785FE41F2BB08B9000CA409B /* Debug */,
				785FE4202BB08B9000CA409B /* Release */,
			);
			defaultConfigurationIsVisible = 0;
			defaultConfigurationName = Release;
		};
		785FE4212BB08B9000CA409B /* Build configuration list for PBXNativeTarget "RotatingTexturedCubeTests" */ = {
			isa = XCConfigurationList;
			buildConfigurations = (
				785FE4222BB08B9000CA409B /* Debug */,
				785FE4232BB08B9000CA409B /* Release */,
			);
			defaultConfigurationIsVisible = 0;
			defaultConfigurationName = Release;
		};
		785FE4242BB08B9000CA409B /* Build configuration list for PBXNativeTarget "RotatingTexturedCubeUITests" */ = {
			isa = XCConfigurationList;
			buildConfigurations = (
				785FE4252BB08B9000CA409B /* Debug */,
				785FE4262BB08B9000CA409B /* Release */,
			);
			defaultConfigurationIsVisible = 0;
			defaultConfigurationName = Release;
		};
/* End XCConfigurationList section */
	};
	rootObject = 785FE3EC2BB08B8E00CA409B /* Project object */;
}
