// !$*UTF8*$!
{
	archiveVersion = 1;
	classes = {
	};
	objectVersion = 56;
	objects = {

/* Begin PBXBuildFile section */
		7817DCDF2BB046AC0036AC95 /* QuartzCore.framework in Frameworks */ = {isa = PBXBuildFile; fileRef = 7817DCDE2BB046AC0036AC95 /* QuartzCore.framework */; };
		7817DCE12BB046B70036AC95 /* UIKit.framework in Frameworks */ = {isa = PBXBuildFile; fileRef = 7817DCE02BB046B70036AC95 /* UIKit.framework */; };
		78A384FA2BB0383A00E38C85 /* AppDelegate.swift in Sources */ = {isa = PBXBuildFile; fileRef = 78A384F92BB0383A00E38C85 /* AppDelegate.swift */; };
		78A384FC2BB0383A00E38C85 /* SceneDelegate.swift in Sources */ = {isa = PBXBuildFile; fileRef = 78A384FB2BB0383A00E38C85 /* SceneDelegate.swift */; };
		78A384FE2BB0383A00E38C85 /* ViewController.swift in Sources */ = {isa = PBXBuildFile; fileRef = 78A384FD2BB0383A00E38C85 /* ViewController.swift */; };
		78A385012BB0383A00E38C85 /* Main.storyboard in Resources */ = {isa = PBXBuildFile; fileRef = 78A384FF2BB0383A00E38C85 /* Main.storyboard */; };
		78A385032BB0383C00E38C85 /* Assets.xcassets in Resources */ = {isa = PBXBuildFile; fileRef = 78A385022BB0383C00E38C85 /* Assets.xcassets */; };
		78A385062BB0383C00E38C85 /* LaunchScreen.storyboard in Resources */ = {isa = PBXBuildFile; fileRef = 78A385042BB0383C00E38C85 /* LaunchScreen.storyboard */; };
		78A385112BB0383C00E38C85 /* TriangleTests.swift in Sources */ = {isa = PBXBuildFile; fileRef = 78A385102BB0383C00E38C85 /* TriangleTests.swift */; };
		78A3851B2BB0383C00E38C85 /* TriangleUITests.swift in Sources */ = {isa = PBXBuildFile; fileRef = 78A3851A2BB0383C00E38C85 /* TriangleUITests.swift */; };
		78A3851D2BB0383C00E38C85 /* TriangleUITestsLaunchTests.swift in Sources */ = {isa = PBXBuildFile; fileRef = 78A3851C2BB0383C00E38C85 /* TriangleUITestsLaunchTests.swift */; };
		78A3852A2BB0390E00E38C85 /* MetalView.swift in Sources */ = {isa = PBXBuildFile; fileRef = 78A385292BB0390E00E38C85 /* MetalView.swift */; };
		78A3852F2BB0399600E38C85 /* Shaders.metal in Sources */ = {isa = PBXBuildFile; fileRef = 78A3852E2BB0399600E38C85 /* Shaders.metal */; };
		78A385362BB03C8800E38C85 /* Metal.framework in Frameworks */ = {isa = PBXBuildFile; fileRef = 78A385322BB03BEC00E38C85 /* Metal.framework */; };
/* End PBXBuildFile section */

/* Begin PBXContainerItemProxy section */
		78A3850D2BB0383C00E38C85 /* PBXContainerItemProxy */ = {
			isa = PBXContainerItemProxy;
			containerPortal = 78A384EE2BB0383A00E38C85 /* Project object */;
			proxyType = 1;
			remoteGlobalIDString = 78A384F52BB0383A00E38C85;
			remoteInfo = Triangle;
		};
		78A385172BB0383C00E38C85 /* PBXContainerItemProxy */ = {
			isa = PBXContainerItemProxy;
			containerPortal = 78A384EE2BB0383A00E38C85 /* Project object */;
			proxyType = 1;
			remoteGlobalIDString = 78A384F52BB0383A00E38C85;
			remoteInfo = Triangle;
		};
/* End PBXContainerItemProxy section */

/* Begin PBXFileReference section */
		7817DCDE2BB046AC0036AC95 /* QuartzCore.framework */ = {isa = PBXFileReference; lastKnownFileType = wrapper.framework; name = QuartzCore.framework; path = System/Library/Frameworks/QuartzCore.framework; sourceTree = SDKROOT; };
		7817DCE02BB046B70036AC95 /* UIKit.framework */ = {isa = PBXFileReference; lastKnownFileType = wrapper.framework; name = UIKit.framework; path = System/Library/Frameworks/UIKit.framework; sourceTree = SDKROOT; };
		78A384F62BB0383A00E38C85 /* Triangle.app */ = {isa = PBXFileReference; explicitFileType = wrapper.application; includeInIndex = 0; path = Triangle.app; sourceTree = BUILT_PRODUCTS_DIR; };
		78A384F92BB0383A00E38C85 /* AppDelegate.swift */ = {isa = PBXFileReference; lastKnownFileType = sourcecode.swift; path = AppDelegate.swift; sourceTree = "<group>"; };
		78A384FB2BB0383A00E38C85 /* SceneDelegate.swift */ = {isa = PBXFileReference; lastKnownFileType = sourcecode.swift; path = SceneDelegate.swift; sourceTree = "<group>"; };
		78A384FD2BB0383A00E38C85 /* ViewController.swift */ = {isa = PBXFileReference; lastKnownFileType = sourcecode.swift; path = ViewController.swift; sourceTree = "<group>"; };
		78A385002BB0383A00E38C85 /* Base */ = {isa = PBXFileReference; lastKnownFileType = file.storyboard; name = Base; path = Base.lproj/Main.storyboard; sourceTree = "<group>"; };
		78A385022BB0383C00E38C85 /* Assets.xcassets */ = {isa = PBXFileReference; lastKnownFileType = folder.assetcatalog; path = Assets.xcassets; sourceTree = "<group>"; };
		78A385052BB0383C00E38C85 /* Base */ = {isa = PBXFileReference; lastKnownFileType = file.storyboard; name = Base; path = Base.lproj/LaunchScreen.storyboard; sourceTree = "<group>"; };
		78A385072BB0383C00E38C85 /* Info.plist */ = {isa = PBXFileReference; lastKnownFileType = text.plist.xml; path = Info.plist; sourceTree = "<group>"; };
		78A3850C2BB0383C00E38C85 /* TriangleTests.xctest */ = {isa = PBXFileReference; explicitFileType = wrapper.cfbundle; includeInIndex = 0; path = TriangleTests.xctest; sourceTree = BUILT_PRODUCTS_DIR; };
		78A385102BB0383C00E38C85 /* TriangleTests.swift */ = {isa = PBXFileReference; lastKnownFileType = sourcecode.swift; path = TriangleTests.swift; sourceTree = "<group>"; };
		78A385162BB0383C00E38C85 /* TriangleUITests.xctest */ = {isa = PBXFileReference; explicitFileType = wrapper.cfbundle; includeInIndex = 0; path = TriangleUITests.xctest; sourceTree = BUILT_PRODUCTS_DIR; };
		78A3851A2BB0383C00E38C85 /* TriangleUITests.swift */ = {isa = PBXFileReference; lastKnownFileType = sourcecode.swift; path = TriangleUITests.swift; sourceTree = "<group>"; };
		78A3851C2BB0383C00E38C85 /* TriangleUITestsLaunchTests.swift */ = {isa = PBXFileReference; lastKnownFileType = sourcecode.swift; path = TriangleUITestsLaunchTests.swift; sourceTree = "<group>"; };
		78A385292BB0390E00E38C85 /* MetalView.swift */ = {isa = PBXFileReference; lastKnownFileType = sourcecode.swift; path = MetalView.swift; sourceTree = "<group>"; };
		78A3852C2BB0392800E38C85 /* MetalKit.framework */ = {isa = PBXFileReference; lastKnownFileType = wrapper.framework; name = MetalKit.framework; path = System/Library/Frameworks/MetalKit.framework; sourceTree = SDKROOT; };
		78A3852E2BB0399600E38C85 /* Shaders.metal */ = {isa = PBXFileReference; lastKnownFileType = sourcecode.metal; path = Shaders.metal; sourceTree = "<group>"; };
		78A385322BB03BEC00E38C85 /* Metal.framework */ = {isa = PBXFileReference; lastKnownFileType = wrapper.framework; name = Metal.framework; path = System/Library/Frameworks/Metal.framework; sourceTree = SDKROOT; };
/* End PBXFileReference section */

/* Begin PBXFrameworksBuildPhase section */
		78A385092BB0383C00E38C85 /* Frameworks */ = {
			isa = PBXFrameworksBuildPhase;
			buildActionMask = 2147483647;
			files = (
			);
			runOnlyForDeploymentPostprocessing = 0;
		};
		78A385132BB0383C00E38C85 /* Frameworks */ = {
			isa = PBXFrameworksBuildPhase;
			buildActionMask = 2147483647;
			files = (
			);
			runOnlyForDeploymentPostprocessing = 0;
		};
		78A385342BB03C1800E38C85 /* Frameworks */ = {
			isa = PBXFrameworksBuildPhase;
			buildActionMask = 2147483647;
			files = (
				7817DCE12BB046B70036AC95 /* UIKit.framework in Frameworks */,
				7817DCDF2BB046AC0036AC95 /* QuartzCore.framework in Frameworks */,
				78A385362BB03C8800E38C85 /* Metal.framework in Frameworks */,
			);
			runOnlyForDeploymentPostprocessing = 0;
		};
/* End PBXFrameworksBuildPhase section */

/* Begin PBXGroup section */
		78A384ED2BB0383A00E38C85 = {
			isa = PBXGroup;
			children = (
				78A384F82BB0383A00E38C85 /* Triangle */,
				78A3850F2BB0383C00E38C85 /* TriangleTests */,
				78A385192BB0383C00E38C85 /* TriangleUITests */,
				78A384F72BB0383A00E38C85 /* Products */,
				78A3852B2BB0392800E38C85 /* Frameworks */,
			);
			sourceTree = "<group>";
		};
		78A384F72BB0383A00E38C85 /* Products */ = {
			isa = PBXGroup;
			children = (
				78A384F62BB0383A00E38C85 /* Triangle.app */,
				78A3850C2BB0383C00E38C85 /* TriangleTests.xctest */,
				78A385162BB0383C00E38C85 /* TriangleUITests.xctest */,
			);
			name = Products;
			sourceTree = "<group>";
		};
		78A384F82BB0383A00E38C85 /* Triangle */ = {
			isa = PBXGroup;
			children = (
				78A384F92BB0383A00E38C85 /* AppDelegate.swift */,
				78A384FB2BB0383A00E38C85 /* SceneDelegate.swift */,
				78A384FD2BB0383A00E38C85 /* ViewController.swift */,
				78A384FF2BB0383A00E38C85 /* Main.storyboard */,
				78A385022BB0383C00E38C85 /* Assets.xcassets */,
				78A385042BB0383C00E38C85 /* LaunchScreen.storyboard */,
				78A385072BB0383C00E38C85 /* Info.plist */,
				78A385292BB0390E00E38C85 /* MetalView.swift */,
				78A3852E2BB0399600E38C85 /* Shaders.metal */,
			);
			path = Triangle;
			sourceTree = "<group>";
		};
		78A3850F2BB0383C00E38C85 /* TriangleTests */ = {
			isa = PBXGroup;
			children = (
				78A385102BB0383C00E38C85 /* TriangleTests.swift */,
			);
			path = TriangleTests;
			sourceTree = "<group>";
		};
		78A385192BB0383C00E38C85 /* TriangleUITests */ = {
			isa = PBXGroup;
			children = (
				78A3851A2BB0383C00E38C85 /* TriangleUITests.swift */,
				78A3851C2BB0383C00E38C85 /* TriangleUITestsLaunchTests.swift */,
			);
			path = TriangleUITests;
			sourceTree = "<group>";
		};
		78A3852B2BB0392800E38C85 /* Frameworks */ = {
			isa = PBXGroup;
			children = (
				7817DCE02BB046B70036AC95 /* UIKit.framework */,
				7817DCDE2BB046AC0036AC95 /* QuartzCore.framework */,
				78A385322BB03BEC00E38C85 /* Metal.framework */,
				78A3852C2BB0392800E38C85 /* MetalKit.framework */,
			);
			name = Frameworks;
			sourceTree = "<group>";
		};
/* End PBXGroup section */

/* Begin PBXNativeTarget section */
		78A384F52BB0383A00E38C85 /* Triangle */ = {
			isa = PBXNativeTarget;
			buildConfigurationList = 78A385202BB0383C00E38C85 /* Build configuration list for PBXNativeTarget "Triangle" */;
			buildPhases = (
				78A384F22BB0383A00E38C85 /* Sources */,
				78A384F42BB0383A00E38C85 /* Resources */,
				78A385342BB03C1800E38C85 /* Frameworks */,
			);
			buildRules = (
			);
			dependencies = (
			);
			name = Triangle;
			productName = Triangle;
			productReference = 78A384F62BB0383A00E38C85 /* Triangle.app */;
			productType = "com.apple.product-type.application";
		};
		78A3850B2BB0383C00E38C85 /* TriangleTests */ = {
			isa = PBXNativeTarget;
			buildConfigurationList = 78A385232BB0383C00E38C85 /* Build configuration list for PBXNativeTarget "TriangleTests" */;
			buildPhases = (
				78A385082BB0383C00E38C85 /* Sources */,
				78A385092BB0383C00E38C85 /* Frameworks */,
				78A3850A2BB0383C00E38C85 /* Resources */,
			);
			buildRules = (
			);
			dependencies = (
				78A3850E2BB0383C00E38C85 /* PBXTargetDependency */,
			);
			name = TriangleTests;
			productName = TriangleTests;
			productReference = 78A3850C2BB0383C00E38C85 /* TriangleTests.xctest */;
			productType = "com.apple.product-type.bundle.unit-test";
		};
		78A385152BB0383C00E38C85 /* TriangleUITests */ = {
			isa = PBXNativeTarget;
			buildConfigurationList = 78A385262BB0383C00E38C85 /* Build configuration list for PBXNativeTarget "TriangleUITests" */;
			buildPhases = (
				78A385122BB0383C00E38C85 /* Sources */,
				78A385132BB0383C00E38C85 /* Frameworks */,
				78A385142BB0383C00E38C85 /* Resources */,
			);
			buildRules = (
			);
			dependencies = (
				78A385182BB0383C00E38C85 /* PBXTargetDependency */,
			);
			name = TriangleUITests;
			productName = TriangleUITests;
			productReference = 78A385162BB0383C00E38C85 /* TriangleUITests.xctest */;
			productType = "com.apple.product-type.bundle.ui-testing";
		};
/* End PBXNativeTarget section */

/* Begin PBXProject section */
		78A384EE2BB0383A00E38C85 /* Project object */ = {
			isa = PBXProject;
			attributes = {
				BuildIndependentTargetsInParallel = 1;
				LastSwiftUpdateCheck = 1430;
				LastUpgradeCheck = 1430;
				TargetAttributes = {
					78A384F52BB0383A00E38C85 = {
						CreatedOnToolsVersion = 14.3.1;
					};
					78A3850B2BB0383C00E38C85 = {
						CreatedOnToolsVersion = 14.3.1;
						TestTargetID = 78A384F52BB0383A00E38C85;
					};
					78A385152BB0383C00E38C85 = {
						CreatedOnToolsVersion = 14.3.1;
						TestTargetID = 78A384F52BB0383A00E38C85;
					};
				};
			};
			buildConfigurationList = 78A384F12BB0383A00E38C85 /* Build configuration list for PBXProject "Triangle" */;
			compatibilityVersion = "Xcode 14.0";
			developmentRegion = en;
			hasScannedForEncodings = 0;
			knownRegions = (
				en,
				Base,
			);
			mainGroup = 78A384ED2BB0383A00E38C85;
			productRefGroup = 78A384F72BB0383A00E38C85 /* Products */;
			projectDirPath = "";
			projectRoot = "";
			targets = (
				78A384F52BB0383A00E38C85 /* Triangle */,
				78A3850B2BB0383C00E38C85 /* TriangleTests */,
				78A385152BB0383C00E38C85 /* TriangleUITests */,
			);
		};
/* End PBXProject section */

/* Begin PBXResourcesBuildPhase section */
		78A384F42BB0383A00E38C85 /* Resources */ = {
			isa = PBXResourcesBuildPhase;
			buildActionMask = 2147483647;
			files = (
				78A385062BB0383C00E38C85 /* LaunchScreen.storyboard in Resources */,
				78A385032BB0383C00E38C85 /* Assets.xcassets in Resources */,
				78A385012BB0383A00E38C85 /* Main.storyboard in Resources */,
			);
			runOnlyForDeploymentPostprocessing = 0;
		};
		78A3850A2BB0383C00E38C85 /* Resources */ = {
			isa = PBXResourcesBuildPhase;
			buildActionMask = 2147483647;
			files = (
			);
			runOnlyForDeploymentPostprocessing = 0;
		};
		78A385142BB0383C00E38C85 /* Resources */ = {
			isa = PBXResourcesBuildPhase;
			buildActionMask = 2147483647;
			files = (
			);
			runOnlyForDeploymentPostprocessing = 0;
		};
/* End PBXResourcesBuildPhase section */

/* Begin PBXSourcesBuildPhase section */
		78A384F22BB0383A00E38C85 /* Sources */ = {
			isa = PBXSourcesBuildPhase;
			buildActionMask = 2147483647;
			files = (
				78A3852F2BB0399600E38C85 /* Shaders.metal in Sources */,
				78A3852A2BB0390E00E38C85 /* MetalView.swift in Sources */,
				78A384FE2BB0383A00E38C85 /* ViewController.swift in Sources */,
				78A384FA2BB0383A00E38C85 /* AppDelegate.swift in Sources */,
				78A384FC2BB0383A00E38C85 /* SceneDelegate.swift in Sources */,
			);
			runOnlyForDeploymentPostprocessing = 0;
		};
		78A385082BB0383C00E38C85 /* Sources */ = {
			isa = PBXSourcesBuildPhase;
			buildActionMask = 2147483647;
			files = (
				78A385112BB0383C00E38C85 /* TriangleTests.swift in Sources */,
			);
			runOnlyForDeploymentPostprocessing = 0;
		};
		78A385122BB0383C00E38C85 /* Sources */ = {
			isa = PBXSourcesBuildPhase;
			buildActionMask = 2147483647;
			files = (
				78A3851D2BB0383C00E38C85 /* TriangleUITestsLaunchTests.swift in Sources */,
				78A3851B2BB0383C00E38C85 /* TriangleUITests.swift in Sources */,
			);
			runOnlyForDeploymentPostprocessing = 0;
		};
/* End PBXSourcesBuildPhase section */

/* Begin PBXTargetDependency section */
		78A3850E2BB0383C00E38C85 /* PBXTargetDependency */ = {
			isa = PBXTargetDependency;
			target = 78A384F52BB0383A00E38C85 /* Triangle */;
			targetProxy = 78A3850D2BB0383C00E38C85 /* PBXContainerItemProxy */;
		};
		78A385182BB0383C00E38C85 /* PBXTargetDependency */ = {
			isa = PBXTargetDependency;
			target = 78A384F52BB0383A00E38C85 /* Triangle */;
			targetProxy = 78A385172BB0383C00E38C85 /* PBXContainerItemProxy */;
		};
/* End PBXTargetDependency section */

/* Begin PBXVariantGroup section */
		78A384FF2BB0383A00E38C85 /* Main.storyboard */ = {
			isa = PBXVariantGroup;
			children = (
				78A385002BB0383A00E38C85 /* Base */,
			);
			name = Main.storyboard;
			sourceTree = "<group>";
		};
		78A385042BB0383C00E38C85 /* LaunchScreen.storyboard */ = {
			isa = PBXVariantGroup;
			children = (
				78A385052BB0383C00E38C85 /* Base */,
			);
			name = LaunchScreen.storyboard;
			sourceTree = "<group>";
		};
/* End PBXVariantGroup section */

/* Begin XCBuildConfiguration section */
		78A3851E2BB0383C00E38C85 /* Debug */ = {
			isa = XCBuildConfiguration;
			buildSettings = {
				ALWAYS_SEARCH_USER_PATHS = NO;
				CLANG_ANALYZER_NONNULL = YES;
				CLANG_ANALYZER_NUMBER_OBJECT_CONVERSION = YES_AGGRESSIVE;
				CLANG_CXX_LANGUAGE_STANDARD = "gnu++20";
				CLANG_ENABLE_MODULES = YES;
				CLANG_ENABLE_OBJC_ARC = YES;
				CLANG_ENABLE_OBJC_WEAK = YES;
				CLANG_WARN_BLOCK_CAPTURE_AUTORELEASING = YES;
				CLANG_WARN_BOOL_CONVERSION = YES;
				CLANG_WARN_COMMA = YES;
				CLANG_WARN_CONSTANT_CONVERSION = YES;
				CLANG_WARN_DEPRECATED_OBJC_IMPLEMENTATIONS = YES;
				CLANG_WARN_DIRECT_OBJC_ISA_USAGE = YES_ERROR;
				CLANG_WARN_DOCUMENTATION_COMMENTS = YES;
				CLANG_WARN_EMPTY_BODY = YES;
				CLANG_WARN_ENUM_CONVERSION = YES;
				CLANG_WARN_INFINITE_RECURSION = YES;
				CLANG_WARN_INT_CONVERSION = YES;
				CLANG_WARN_NON_LITERAL_NULL_CONVERSION = YES;
				CLANG_WARN_OBJC_IMPLICIT_RETAIN_SELF = YES;
				CLANG_WARN_OBJC_LITERAL_CONVERSION = YES;
				CLANG_WARN_OBJC_ROOT_CLASS = YES_ERROR;
				CLANG_WARN_QUOTED_INCLUDE_IN_FRAMEWORK_HEADER = YES;
				CLANG_WARN_RANGE_LOOP_ANALYSIS = YES;
				CLANG_WARN_STRICT_PROTOTYPES = YES;
				CLANG_WARN_SUSPICIOUS_MOVE = YES;
				CLANG_WARN_UNGUARDED_AVAILABILITY = YES_AGGRESSIVE;
				CLANG_WARN_UNREACHABLE_CODE = YES;
				CLANG_WARN__DUPLICATE_METHOD_MATCH = YES;
				COPY_PHASE_STRIP = NO;
				DEBUG_INFORMATION_FORMAT = dwarf;
				ENABLE_STRICT_OBJC_MSGSEND = YES;
				ENABLE_TESTABILITY = YES;
				GCC_C_LANGUAGE_STANDARD = gnu11;
				GCC_DYNAMIC_NO_PIC = NO;
				GCC_NO_COMMON_BLOCKS = YES;
				GCC_OPTIMIZATION_LEVEL = 0;
				GCC_PREPROCESSOR_DEFINITIONS = (
					"DEBUG=1",
					"$(inherited)",
				);
				GCC_WARN_64_TO_32_BIT_CONVERSION = YES;
				GCC_WARN_ABOUT_RETURN_TYPE = YES_ERROR;
				GCC_WARN_UNDECLARED_SELECTOR = YES;
				GCC_WARN_UNINITIALIZED_AUTOS = YES_AGGRESSIVE;
				GCC_WARN_UNUSED_FUNCTION = YES;
				GCC_WARN_UNUSED_VARIABLE = YES;
				IPHONEOS_DEPLOYMENT_TARGET = 16.4;
				MTL_ENABLE_DEBUG_INFO = INCLUDE_SOURCE;
				MTL_FAST_MATH = YES;
				ONLY_ACTIVE_ARCH = YES;
				SDKROOT = iphoneos;
				SWIFT_ACTIVE_COMPILATION_CONDITIONS = DEBUG;
				SWIFT_OPTIMIZATION_LEVEL = "-Onone";
			};
			name = Debug;
		};
		78A3851F2BB0383C00E38C85 /* Release */ = {
			isa = XCBuildConfiguration;
			buildSettings = {
				ALWAYS_SEARCH_USER_PATHS = NO;
				CLANG_ANALYZER_NONNULL = YES;
				CLANG_ANALYZER_NUMBER_OBJECT_CONVERSION = YES_AGGRESSIVE;
				CLANG_CXX_LANGUAGE_STANDARD = "gnu++20";
				CLANG_ENABLE_MODULES = YES;
				CLANG_ENABLE_OBJC_ARC = YES;
				CLANG_ENABLE_OBJC_WEAK = YES;
				CLANG_WARN_BLOCK_CAPTURE_AUTORELEASING = YES;
				CLANG_WARN_BOOL_CONVERSION = YES;
				CLANG_WARN_COMMA = YES;
				CLANG_WARN_CONSTANT_CONVERSION = YES;
				CLANG_WARN_DEPRECATED_OBJC_IMPLEMENTATIONS = YES;
				CLANG_WARN_DIRECT_OBJC_ISA_USAGE = YES_ERROR;
				CLANG_WARN_DOCUMENTATION_COMMENTS = YES;
				CLANG_WARN_EMPTY_BODY = YES;
				CLANG_WARN_ENUM_CONVERSION = YES;
				CLANG_WARN_INFINITE_RECURSION = YES;
				CLANG_WARN_INT_CONVERSION = YES;
				CLANG_WARN_NON_LITERAL_NULL_CONVERSION = YES;
				CLANG_WARN_OBJC_IMPLICIT_RETAIN_SELF = YES;
				CLANG_WARN_OBJC_LITERAL_CONVERSION = YES;
				CLANG_WARN_OBJC_ROOT_CLASS = YES_ERROR;
				CLANG_WARN_QUOTED_INCLUDE_IN_FRAMEWORK_HEADER = YES;
				CLANG_WARN_RANGE_LOOP_ANALYSIS = YES;
				CLANG_WARN_STRICT_PROTOTYPES = YES;
				CLANG_WARN_SUSPICIOUS_MOVE = YES;
				CLANG_WARN_UNGUARDED_AVAILABILITY = YES_AGGRESSIVE;
				CLANG_WARN_UNREACHABLE_CODE = YES;
				CLANG_WARN__DUPLICATE_METHOD_MATCH = YES;
				COPY_PHASE_STRIP = NO;
				DEBUG_INFORMATION_FORMAT = "dwarf-with-dsym";
				ENABLE_NS_ASSERTIONS = NO;
				ENABLE_STRICT_OBJC_MSGSEND = YES;
				GCC_C_LANGUAGE_STANDARD = gnu11;
				GCC_NO_COMMON_BLOCKS = YES;
				GCC_WARN_64_TO_32_BIT_CONVERSION = YES;
				GCC_WARN_ABOUT_RETURN_TYPE = YES_ERROR;
				GCC_WARN_UNDECLARED_SELECTOR = YES;
				GCC_WARN_UNINITIALIZED_AUTOS = YES_AGGRESSIVE;
				GCC_WARN_UNUSED_FUNCTION = YES;
				GCC_WARN_UNUSED_VARIABLE = YES;
				IPHONEOS_DEPLOYMENT_TARGET = 16.4;
				MTL_ENABLE_DEBUG_INFO = NO;
				MTL_FAST_MATH = YES;
				SDKROOT = iphoneos;
				SWIFT_COMPILATION_MODE = wholemodule;
				SWIFT_OPTIMIZATION_LEVEL = "-O";
				VALIDATE_PRODUCT = YES;
			};
			name = Release;
		};
		78A385212BB0383C00E38C85 /* Debug */ = {
			isa = XCBuildConfiguration;
			buildSettings = {
				ASSETCATALOG_COMPILER_APPICON_NAME = AppIcon;
				ASSETCATALOG_COMPILER_GLOBAL_ACCENT_COLOR_NAME = AccentColor;
				CODE_SIGN_STYLE = Automatic;
				CURRENT_PROJECT_VERSION = 1;
				GENERATE_INFOPLIST_FILE = YES;
				INFOPLIST_FILE = Triangle/Info.plist;
				INFOPLIST_KEY_UIApplicationSupportsIndirectInputEvents = YES;
				INFOPLIST_KEY_UILaunchStoryboardName = LaunchScreen;
				INFOPLIST_KEY_UIMainStoryboardFile = Main;
				INFOPLIST_KEY_UISupportedInterfaceOrientations_iPad = "UIInterfaceOrientationPortrait UIInterfaceOrientationPortraitUpsideDown UIInterfaceOrientationLandscapeLeft UIInterfaceOrientationLandscapeRight";
				INFOPLIST_KEY_UISupportedInterfaceOrientations_iPhone = "UIInterfaceOrientationPortrait UIInterfaceOrientationLandscapeLeft UIInterfaceOrientationLandscapeRight";
				IPHONEOS_DEPLOYMENT_TARGET = 16.4;
				LD_RUNPATH_SEARCH_PATHS = (
					"$(inherited)",
					"@executable_path/Frameworks",
				);
				MARKETING_VERSION = 1.0;
				PRODUCT_BUNDLE_IDENTIFIER = com.mgtt.Triangle;
				PRODUCT_NAME = "$(TARGET_NAME)";
				SWIFT_EMIT_LOC_STRINGS = YES;
				SWIFT_VERSION = 5.0;
				TARGETED_DEVICE_FAMILY = "1,2";
			};
			name = Debug;
		};
		78A385222BB0383C00E38C85 /* Release */ = {
			isa = XCBuildConfiguration;
			buildSettings = {
				ASSETCATALOG_COMPILER_APPICON_NAME = AppIcon;
				ASSETCATALOG_COMPILER_GLOBAL_ACCENT_COLOR_NAME = AccentColor;
				CODE_SIGN_STYLE = Automatic;
				CURRENT_PROJECT_VERSION = 1;
				GENERATE_INFOPLIST_FILE = YES;
				INFOPLIST_FILE = Triangle/Info.plist;
				INFOPLIST_KEY_UIApplicationSupportsIndirectInputEvents = YES;
				INFOPLIST_KEY_UILaunchStoryboardName = LaunchScreen;
				INFOPLIST_KEY_UIMainStoryboardFile = Main;
				INFOPLIST_KEY_UISupportedInterfaceOrientations_iPad = "UIInterfaceOrientationPortrait UIInterfaceOrientationPortraitUpsideDown UIInterfaceOrientationLandscapeLeft UIInterfaceOrientationLandscapeRight";
				INFOPLIST_KEY_UISupportedInterfaceOrientations_iPhone = "UIInterfaceOrientationPortrait UIInterfaceOrientationLandscapeLeft UIInterfaceOrientationLandscapeRight";
				IPHONEOS_DEPLOYMENT_TARGET = 16.4;
				LD_RUNPATH_SEARCH_PATHS = (
					"$(inherited)",
					"@executable_path/Frameworks",
				);
				MARKETING_VERSION = 1.0;
				PRODUCT_BUNDLE_IDENTIFIER = com.mgtt.Triangle;
				PRODUCT_NAME = "$(TARGET_NAME)";
				SWIFT_EMIT_LOC_STRINGS = YES;
				SWIFT_VERSION = 5.0;
				TARGETED_DEVICE_FAMILY = "1,2";
			};
			name = Release;
		};
		78A385242BB0383C00E38C85 /* Debug */ = {
			isa = XCBuildConfiguration;
			buildSettings = {
				ALWAYS_EMBED_SWIFT_STANDARD_LIBRARIES = YES;
				BUNDLE_LOADER = "$(TEST_HOST)";
				CODE_SIGN_STYLE = Automatic;
				CURRENT_PROJECT_VERSION = 1;
				GENERATE_INFOPLIST_FILE = YES;
				IPHONEOS_DEPLOYMENT_TARGET = 16.4;
				MARKETING_VERSION = 1.0;
				PRODUCT_BUNDLE_IDENTIFIER = com.mgtt.TriangleTests;
				PRODUCT_NAME = "$(TARGET_NAME)";
				SWIFT_EMIT_LOC_STRINGS = NO;
				SWIFT_VERSION = 5.0;
				TARGETED_DEVICE_FAMILY = "1,2";
				TEST_HOST = "$(BUILT_PRODUCTS_DIR)/Triangle.app/$(BUNDLE_EXECUTABLE_FOLDER_PATH)/Triangle";
			};
			name = Debug;
		};
		78A385252BB0383C00E38C85 /* Release */ = {
			isa = XCBuildConfiguration;
			buildSettings = {
				ALWAYS_EMBED_SWIFT_STANDARD_LIBRARIES = YES;
				BUNDLE_LOADER = "$(TEST_HOST)";
				CODE_SIGN_STYLE = Automatic;
				CURRENT_PROJECT_VERSION = 1;
				GENERATE_INFOPLIST_FILE = YES;
				IPHONEOS_DEPLOYMENT_TARGET = 16.4;
				MARKETING_VERSION = 1.0;
				PRODUCT_BUNDLE_IDENTIFIER = com.mgtt.TriangleTests;
				PRODUCT_NAME = "$(TARGET_NAME)";
				SWIFT_EMIT_LOC_STRINGS = NO;
				SWIFT_VERSION = 5.0;
				TARGETED_DEVICE_FAMILY = "1,2";
				TEST_HOST = "$(BUILT_PRODUCTS_DIR)/Triangle.app/$(BUNDLE_EXECUTABLE_FOLDER_PATH)/Triangle";
			};
			name = Release;
		};
		78A385272BB0383C00E38C85 /* Debug */ = {
			isa = XCBuildConfiguration;
			buildSettings = {
				ALWAYS_EMBED_SWIFT_STANDARD_LIBRARIES = YES;
				CODE_SIGN_STYLE = Automatic;
				CURRENT_PROJECT_VERSION = 1;
				GENERATE_INFOPLIST_FILE = YES;
				MARKETING_VERSION = 1.0;
				PRODUCT_BUNDLE_IDENTIFIER = com.mgtt.TriangleUITests;
				PRODUCT_NAME = "$(TARGET_NAME)";
				SWIFT_EMIT_LOC_STRINGS = NO;
				SWIFT_VERSION = 5.0;
				TARGETED_DEVICE_FAMILY = "1,2";
				TEST_TARGET_NAME = Triangle;
			};
			name = Debug;
		};
		78A385282BB0383C00E38C85 /* Release */ = {
			isa = XCBuildConfiguration;
			buildSettings = {
				ALWAYS_EMBED_SWIFT_STANDARD_LIBRARIES = YES;
				CODE_SIGN_STYLE = Automatic;
				CURRENT_PROJECT_VERSION = 1;
				GENERATE_INFOPLIST_FILE = YES;
				MARKETING_VERSION = 1.0;
				PRODUCT_BUNDLE_IDENTIFIER = com.mgtt.TriangleUITests;
				PRODUCT_NAME = "$(TARGET_NAME)";
				SWIFT_EMIT_LOC_STRINGS = NO;
				SWIFT_VERSION = 5.0;
				TARGETED_DEVICE_FAMILY = "1,2";
				TEST_TARGET_NAME = Triangle;
			};
			name = Release;
		};
/* End XCBuildConfiguration section */

/* Begin XCConfigurationList section */
		78A384F12BB0383A00E38C85 /* Build configuration list for PBXProject "Triangle" */ = {
			isa = XCConfigurationList;
			buildConfigurations = (
				78A3851E2BB0383C00E38C85 /* Debug */,
				78A3851F2BB0383C00E38C85 /* Release */,
			);
			defaultConfigurationIsVisible = 0;
			defaultConfigurationName = Release;
		};
		78A385202BB0383C00E38C85 /* Build configuration list for PBXNativeTarget "Triangle" */ = {
			isa = XCConfigurationList;
			buildConfigurations = (
				78A385212BB0383C00E38C85 /* Debug */,
				78A385222BB0383C00E38C85 /* Release */,
			);
			defaultConfigurationIsVisible = 0;
			defaultConfigurationName = Release;
		};
		78A385232BB0383C00E38C85 /* Build configuration list for PBXNativeTarget "TriangleTests" */ = {
			isa = XCConfigurationList;
			buildConfigurations = (
				78A385242BB0383C00E38C85 /* Debug */,
				78A385252BB0383C00E38C85 /* Release */,
			);
			defaultConfigurationIsVisible = 0;
			defaultConfigurationName = Release;
		};
		78A385262BB0383C00E38C85 /* Build configuration list for PBXNativeTarget "TriangleUITests" */ = {
			isa = XCConfigurationList;
			buildConfigurations = (
				78A385272BB0383C00E38C85 /* Debug */,
				78A385282BB0383C00E38C85 /* Release */,
			);
			defaultConfigurationIsVisible = 0;
			defaultConfigurationName = Release;
		};
/* End XCConfigurationList section */
	};
	rootObject = 78A384EE2BB0383A00E38C85 /* Project object */;
}
